
Microsoft Visual Studio Solution File, Format Version 12.00
# Visual Studio Version 16
VisualStudioVersion = 16.0.30717.126
MinimumVisualStudioVersion = 10.0.40219.1
Project("{9A19103F-16F7-4668-BE54-9A1E7A4F7556}") = "StsServerIdentity", "src\IdentityServerWithAspNetIdentity\StsServerIdentity.csproj", "{5B4826ED-AC4C-43A3-9033-8906CB7A82BF}"
EndProject
Project("{9A19103F-16F7-4668-BE54-9A1E7A4F7556}") = "ResourceServer", "src\ResourceServer\ResourceServer.csproj", "{B5A458F3-4A88-423A-AD5E-65B891BFC3A4}"
EndProject
Project("{2150E333-8FDC-42A3-9474-1A3956D46DE8}") = "Solution Items", "Solution Items", "{209F2F84-1FB9-4830-81D7-AA9D1DD06CCB}"
	ProjectSection(SolutionItems) = preProject
		README.md = README.md
	EndProjectSection
EndProject
Global
	GlobalSection(SolutionConfigurationPlatforms) = preSolution
		Debug|Any CPU = Debug|Any CPU
		Release|Any CPU = Release|Any CPU
	EndGlobalSection
	GlobalSection(ProjectConfigurationPlatforms) = postSolution
		{5B4826ED-AC4C-43A3-9033-8906CB7A82BF}.Debug|Any CPU.ActiveCfg = Debug|Any CPU
		{5B4826ED-AC4C-43A3-9033-8906CB7A82BF}.Debug|Any CPU.Build.0 = Debug|Any CPU
		{5B4826ED-AC4C-43A3-9033-8906CB7A82BF}.Release|Any CPU.ActiveCfg = Release|Any CPU
		{5B4826ED-AC4C-43A3-9033-8906CB7A82BF}.Release|Any CPU.Build.0 = Release|Any CPU
		{B5A458F3-4A88-423A-AD5E-65B891BFC3A4}.Debug|Any CPU.ActiveCfg = Debug|Any CPU
		{B5A458F3-4A88-423A-AD5E-65B891BFC3A4}.Debug|Any CPU.Build.0 = Debug|Any CPU
		{B5A458F3-4A88-423A-AD5E-65B891BFC3A4}.Release|Any CPU.ActiveCfg = Release|Any CPU
		{B5A458F3-4A88-423A-AD5E-65B891BFC3A4}.Release|Any CPU.Build.0 = Release|Any CPU
	EndGlobalSection
	GlobalSection(SolutionProperties) = preSolution
		HideSolutionNode = FALSE
	EndGlobalSection
	GlobalSection(ExtensibilityGlobals) = postSolution
		SolutionGuid = {62E356F6-E0E2-480D-B483-77F0552F7BF0}
	EndGlobalSection
EndGlobal
